// !$*UTF8*$!
{
	archiveVersion = 1;
	classes = {
	};
	objectVersion = 51;
	objects = {

/* Begin PBXBuildFile section */
		15FAEE7A406464392532B3BD /* Pods_Hawk_WatchKit_Extension.framework in Frameworks */ = {isa = PBXBuildFile; fileRef = 749ED36184327C705E05E916 /* Pods_Hawk_WatchKit_Extension.framework */; };
		BF8BF55C7B5FB4A772B7914A /* Pods_HawkTests.framework in Frameworks */ = {isa = PBXBuildFile; fileRef = 7BAAE94E89EAEF16B761B5FD /* Pods_HawkTests.framework */; };
		C8C144CE09820A39B71F501F /* Pods_Hawk.framework in Frameworks */ = {isa = PBXBuildFile; fileRef = FE8BD4DB32BAD5DD24716EC2 /* Pods_Hawk.framework */; };
		CA071F58231E93B50008CA41 /* TrainingViewController.swift in Sources */ = {isa = PBXBuildFile; fileRef = CA071F57231E93B50008CA41 /* TrainingViewController.swift */; };
		CA071F5A23210FB50008CA41 /* TrainingSessionHandler.swift in Sources */ = {isa = PBXBuildFile; fileRef = CA071F5923210FB50008CA41 /* TrainingSessionHandler.swift */; };
		CA1BD768231E626B007618FE /* TrainingSetupViewController.swift in Sources */ = {isa = PBXBuildFile; fileRef = CA1BD767231E626B007618FE /* TrainingSetupViewController.swift */; };
		CA4E564C23357692001FEB73 /* PlayViewController.swift in Sources */ = {isa = PBXBuildFile; fileRef = CA4E564B23357692001FEB73 /* PlayViewController.swift */; };
		CA4E564E2335773F001FEB73 /* PlaySessionHandler.swift in Sources */ = {isa = PBXBuildFile; fileRef = CA4E564D2335773F001FEB73 /* PlaySessionHandler.swift */; };
		CA4E565023357EC1001FEB73 /* MLConstants.swift in Sources */ = {isa = PBXBuildFile; fileRef = CA4E564F23357EC1001FEB73 /* MLConstants.swift */; };
		CA4E565223358088001FEB73 /* MotionAnalysis.swift in Sources */ = {isa = PBXBuildFile; fileRef = CA4E565123358088001FEB73 /* MotionAnalysis.swift */; };
		CA4E5654233600AB001FEB73 /* SummaryViewController.swift in Sources */ = {isa = PBXBuildFile; fileRef = CA4E5653233600AB001FEB73 /* SummaryViewController.swift */; };
		CA7B76A8231588D000856BB5 /* SegueManager.swift in Sources */ = {isa = PBXBuildFile; fileRef = CA7B76A7231588D000856BB5 /* SegueManager.swift */; };
		CA8DBB4B2307E5C800103052 /* FormUtilities.swift in Sources */ = {isa = PBXBuildFile; fileRef = CA8DBB4A2307E5C800103052 /* FormUtilities.swift */; };
		CA8DBB4D2307EFA600103052 /* GoogleService-Info.plist in Resources */ = {isa = PBXBuildFile; fileRef = CA8DBB4C2307EFA600103052 /* GoogleService-Info.plist */; };
		CAA0CB08230401EF0098331D /* HomeViewController.swift in Sources */ = {isa = PBXBuildFile; fileRef = CAA0CB06230401280098331D /* HomeViewController.swift */; };
		CAA0CB0F230410D30098331D /* Constants.swift in Sources */ = {isa = PBXBuildFile; fileRef = CAA0CB0E230410D30098331D /* Constants.swift */; };
		CAA0CB11230410DD0098331D /* Utilities.swift in Sources */ = {isa = PBXBuildFile; fileRef = CAA0CB10230410DD0098331D /* Utilities.swift */; };
		CAA0CB162306C3C80098331D /* InitialViewController.swift in Sources */ = {isa = PBXBuildFile; fileRef = CAA0CB152306C3C80098331D /* InitialViewController.swift */; };
		CAA0CB182307DFC30098331D /* LoginViewController.swift in Sources */ = {isa = PBXBuildFile; fileRef = CAA0CB172307DFC30098331D /* LoginViewController.swift */; };
		CAA0CB1A2307E39B0098331D /* SignUpViewController.swift in Sources */ = {isa = PBXBuildFile; fileRef = CAA0CB192307E39B0098331D /* SignUpViewController.swift */; };
		CAB7BFC32327D28D00683131 /* WatchSessionManager.swift in Sources */ = {isa = PBXBuildFile; fileRef = CAB7BFC22327D28D00683131 /* WatchSessionManager.swift */; };
		CAB7BFC42327D28D00683131 /* WatchSessionManager.swift in Sources */ = {isa = PBXBuildFile; fileRef = CAB7BFC22327D28D00683131 /* WatchSessionManager.swift */; };
		CADFC6282321194800CFEF9D /* MLConstants.swift in Sources */ = {isa = PBXBuildFile; fileRef = CADFC6272321194800CFEF9D /* MLConstants.swift */; };
		CAF7D91122F185DB00B8BEA5 /* Main.storyboard in Resources */ = {isa = PBXBuildFile; fileRef = CAF7D91022F185DB00B8BEA5 /* Main.storyboard */; };
		D42135C422B4101400BD55D3 /* HealthKit.framework in Frameworks */ = {isa = PBXBuildFile; fileRef = D42135C322B4101400BD55D3 /* HealthKit.framework */; };
		D42135C622B5073A00BD55D3 /* HomeController.swift in Sources */ = {isa = PBXBuildFile; fileRef = D42135C522B5073A00BD55D3 /* HomeController.swift */; };
		D4286FC622B40A4400994C82 /* AppDelegate.swift in Sources */ = {isa = PBXBuildFile; fileRef = D4286FC522B40A4400994C82 /* AppDelegate.swift */; };
		D4286FC822B40A4400994C82 /* ViewController.swift in Sources */ = {isa = PBXBuildFile; fileRef = D4286FC722B40A4400994C82 /* ViewController.swift */; };
		D4286FCD22B40A4400994C82 /* Assets.xcassets in Resources */ = {isa = PBXBuildFile; fileRef = D4286FCC22B40A4400994C82 /* Assets.xcassets */; };
		D4286FD022B40A4400994C82 /* LaunchScreen.storyboard in Resources */ = {isa = PBXBuildFile; fileRef = D4286FCE22B40A4400994C82 /* LaunchScreen.storyboard */; };
		D4286FDB22B40A4400994C82 /* HawkTests.swift in Sources */ = {isa = PBXBuildFile; fileRef = D4286FDA22B40A4400994C82 /* HawkTests.swift */; };
		D4286FE622B40A4400994C82 /* HawkUITests.swift in Sources */ = {isa = PBXBuildFile; fileRef = D4286FE522B40A4400994C82 /* HawkUITests.swift */; };
		D4286FEB22B40A4500994C82 /* Hawk WatchKit App.app in Embed Watch Content */ = {isa = PBXBuildFile; fileRef = D4286FEA22B40A4500994C82 /* Hawk WatchKit App.app */; };
		D4286FF122B40A4500994C82 /* Interface.storyboard in Resources */ = {isa = PBXBuildFile; fileRef = D4286FEF22B40A4500994C82 /* Interface.storyboard */; };
		D4286FF322B40A4500994C82 /* Assets.xcassets in Resources */ = {isa = PBXBuildFile; fileRef = D4286FF222B40A4500994C82 /* Assets.xcassets */; };
		D4286FFA22B40A4500994C82 /* Hawk WatchKit Extension.appex in Embed App Extensions */ = {isa = PBXBuildFile; fileRef = D4286FF922B40A4500994C82 /* Hawk WatchKit Extension.appex */; settings = {ATTRIBUTES = (RemoveHeadersOnCopy, ); }; };
		D4286FFF22B40A4500994C82 /* InterfaceController.swift in Sources */ = {isa = PBXBuildFile; fileRef = D4286FFE22B40A4500994C82 /* InterfaceController.swift */; };
		D428700122B40A4500994C82 /* ExtensionDelegate.swift in Sources */ = {isa = PBXBuildFile; fileRef = D428700022B40A4500994C82 /* ExtensionDelegate.swift */; };
		D428700322B40A4500994C82 /* NotificationController.swift in Sources */ = {isa = PBXBuildFile; fileRef = D428700222B40A4500994C82 /* NotificationController.swift */; };
		D428700522B40A4600994C82 /* Assets.xcassets in Resources */ = {isa = PBXBuildFile; fileRef = D428700422B40A4600994C82 /* Assets.xcassets */; };
		D428701C22B40A9B00994C82 /* WorkoutManager.swift in Sources */ = {isa = PBXBuildFile; fileRef = D428701B22B40A9B00994C82 /* WorkoutManager.swift */; };
		D428701E22B40AC500994C82 /* MotionManager.swift in Sources */ = {isa = PBXBuildFile; fileRef = D428701D22B40AC500994C82 /* MotionManager.swift */; };
		D428702022B40ADF00994C82 /* ShotManager.swift in Sources */ = {isa = PBXBuildFile; fileRef = D428701F22B40ADF00994C82 /* ShotManager.swift */; };
		D4A974A022CD109C00627358 /* SessionHandler.swift in Sources */ = {isa = PBXBuildFile; fileRef = D4A9749F22CD109C00627358 /* SessionHandler.swift */; };
		D4A974A622D215B600627358 /* HealthKit.framework in Frameworks */ = {isa = PBXBuildFile; fileRef = D4A974A522D215B600627358 /* HealthKit.framework */; };
		DED73B9BE7BD7A4EB4AC3FED /* Pods_HawkUITests.framework in Frameworks */ = {isa = PBXBuildFile; fileRef = 19468B2FFDAB9944943A4B2B /* Pods_HawkUITests.framework */; };
		E5009847941D394C78A2FEB5 /* Pods_Hawk_WatchKit_App.framework in Frameworks */ = {isa = PBXBuildFile; fileRef = 17453E3FE07A427A3B57AC96 /* Pods_Hawk_WatchKit_App.framework */; };
/* End PBXBuildFile section */

/* Begin PBXContainerItemProxy section */
		D4286FD722B40A4400994C82 /* PBXContainerItemProxy */ = {
			isa = PBXContainerItemProxy;
			containerPortal = D4286FBA22B40A4400994C82 /* Project object */;
			proxyType = 1;
			remoteGlobalIDString = D4286FC122B40A4400994C82;
			remoteInfo = Hawk;
		};
		D4286FE222B40A4400994C82 /* PBXContainerItemProxy */ = {
			isa = PBXContainerItemProxy;
			containerPortal = D4286FBA22B40A4400994C82 /* Project object */;
			proxyType = 1;
			remoteGlobalIDString = D4286FC122B40A4400994C82;
			remoteInfo = Hawk;
		};
		D4286FEC22B40A4500994C82 /* PBXContainerItemProxy */ = {
			isa = PBXContainerItemProxy;
			containerPortal = D4286FBA22B40A4400994C82 /* Project object */;
			proxyType = 1;
			remoteGlobalIDString = D4286FE922B40A4500994C82;
			remoteInfo = "Hawk WatchKit App";
		};
		D4286FFB22B40A4500994C82 /* PBXContainerItemProxy */ = {
			isa = PBXContainerItemProxy;
			containerPortal = D4286FBA22B40A4400994C82 /* Project object */;
			proxyType = 1;
			remoteGlobalIDString = D4286FF822B40A4500994C82;
			remoteInfo = "Hawk WatchKit Extension";
		};
/* End PBXContainerItemProxy section */

/* Begin PBXCopyFilesBuildPhase section */
		D428700D22B40A4600994C82 /* Embed App Extensions */ = {
			isa = PBXCopyFilesBuildPhase;
			buildActionMask = 2147483647;
			dstPath = "";
			dstSubfolderSpec = 13;
			files = (
				D4286FFA22B40A4500994C82 /* Hawk WatchKit Extension.appex in Embed App Extensions */,
			);
			name = "Embed App Extensions";
			runOnlyForDeploymentPostprocessing = 0;
		};
		D428701122B40A4600994C82 /* Embed Watch Content */ = {
			isa = PBXCopyFilesBuildPhase;
			buildActionMask = 2147483647;
			dstPath = "$(CONTENTS_FOLDER_PATH)/Watch";
			dstSubfolderSpec = 16;
			files = (
				D4286FEB22B40A4500994C82 /* Hawk WatchKit App.app in Embed Watch Content */,
			);
			name = "Embed Watch Content";
			runOnlyForDeploymentPostprocessing = 0;
		};
/* End PBXCopyFilesBuildPhase section */

/* Begin PBXFileReference section */
		17453E3FE07A427A3B57AC96 /* Pods_Hawk_WatchKit_App.framework */ = {isa = PBXFileReference; explicitFileType = wrapper.framework; includeInIndex = 0; path = Pods_Hawk_WatchKit_App.framework; sourceTree = BUILT_PRODUCTS_DIR; };
		19468B2FFDAB9944943A4B2B /* Pods_HawkUITests.framework */ = {isa = PBXFileReference; explicitFileType = wrapper.framework; includeInIndex = 0; path = Pods_HawkUITests.framework; sourceTree = BUILT_PRODUCTS_DIR; };
		1DD95C345119F220700D9006 /* Pods-Hawk.release.xcconfig */ = {isa = PBXFileReference; includeInIndex = 1; lastKnownFileType = text.xcconfig; name = "Pods-Hawk.release.xcconfig"; path = "Target Support Files/Pods-Hawk/Pods-Hawk.release.xcconfig"; sourceTree = "<group>"; };
		3EC501A5CE5F350B4BB82C02 /* Pods-Hawk WatchKit App.debug.xcconfig */ = {isa = PBXFileReference; includeInIndex = 1; lastKnownFileType = text.xcconfig; name = "Pods-Hawk WatchKit App.debug.xcconfig"; path = "Target Support Files/Pods-Hawk WatchKit App/Pods-Hawk WatchKit App.debug.xcconfig"; sourceTree = "<group>"; };
		4F4E5006EB7095C38A3EC52B /* Pods-HawkTests.debug.xcconfig */ = {isa = PBXFileReference; includeInIndex = 1; lastKnownFileType = text.xcconfig; name = "Pods-HawkTests.debug.xcconfig"; path = "Target Support Files/Pods-HawkTests/Pods-HawkTests.debug.xcconfig"; sourceTree = "<group>"; };
		54A5BA0ACB37618E7B31A037 /* Pods-Hawk WatchKit Extension.release.xcconfig */ = {isa = PBXFileReference; includeInIndex = 1; lastKnownFileType = text.xcconfig; name = "Pods-Hawk WatchKit Extension.release.xcconfig"; path = "Target Support Files/Pods-Hawk WatchKit Extension/Pods-Hawk WatchKit Extension.release.xcconfig"; sourceTree = "<group>"; };
		578C611789618310F3E4525D /* Pods-Hawk.debug.xcconfig */ = {isa = PBXFileReference; includeInIndex = 1; lastKnownFileType = text.xcconfig; name = "Pods-Hawk.debug.xcconfig"; path = "Target Support Files/Pods-Hawk/Pods-Hawk.debug.xcconfig"; sourceTree = "<group>"; };
		749ED36184327C705E05E916 /* Pods_Hawk_WatchKit_Extension.framework */ = {isa = PBXFileReference; explicitFileType = wrapper.framework; includeInIndex = 0; path = Pods_Hawk_WatchKit_Extension.framework; sourceTree = BUILT_PRODUCTS_DIR; };
		765EDD8B1FFB261882FFF5F2 /* Pods-HawkUITests.debug.xcconfig */ = {isa = PBXFileReference; includeInIndex = 1; lastKnownFileType = text.xcconfig; name = "Pods-HawkUITests.debug.xcconfig"; path = "Target Support Files/Pods-HawkUITests/Pods-HawkUITests.debug.xcconfig"; sourceTree = "<group>"; };
		7BAAE94E89EAEF16B761B5FD /* Pods_HawkTests.framework */ = {isa = PBXFileReference; explicitFileType = wrapper.framework; includeInIndex = 0; path = Pods_HawkTests.framework; sourceTree = BUILT_PRODUCTS_DIR; };
		84B5FEEAD138DCAD67A5A16D /* Pods-HawkTests.release.xcconfig */ = {isa = PBXFileReference; includeInIndex = 1; lastKnownFileType = text.xcconfig; name = "Pods-HawkTests.release.xcconfig"; path = "Target Support Files/Pods-HawkTests/Pods-HawkTests.release.xcconfig"; sourceTree = "<group>"; };
		8F4CABC66D0A2E5882B922A1 /* Pods-Hawk WatchKit Extension.debug.xcconfig */ = {isa = PBXFileReference; includeInIndex = 1; lastKnownFileType = text.xcconfig; name = "Pods-Hawk WatchKit Extension.debug.xcconfig"; path = "Target Support Files/Pods-Hawk WatchKit Extension/Pods-Hawk WatchKit Extension.debug.xcconfig"; sourceTree = "<group>"; };
		BFFB2F62AA3FCFC076B20006 /* Pods-Hawk WatchKit App.release.xcconfig */ = {isa = PBXFileReference; includeInIndex = 1; lastKnownFileType = text.xcconfig; name = "Pods-Hawk WatchKit App.release.xcconfig"; path = "Target Support Files/Pods-Hawk WatchKit App/Pods-Hawk WatchKit App.release.xcconfig"; sourceTree = "<group>"; };
		C6A8174B7E81C84C05D3A58D /* Pods-HawkUITests.release.xcconfig */ = {isa = PBXFileReference; includeInIndex = 1; lastKnownFileType = text.xcconfig; name = "Pods-HawkUITests.release.xcconfig"; path = "Target Support Files/Pods-HawkUITests/Pods-HawkUITests.release.xcconfig"; sourceTree = "<group>"; };
		CA071F57231E93B50008CA41 /* TrainingViewController.swift */ = {isa = PBXFileReference; lastKnownFileType = sourcecode.swift; path = TrainingViewController.swift; sourceTree = "<group>"; };
		CA071F5923210FB50008CA41 /* TrainingSessionHandler.swift */ = {isa = PBXFileReference; lastKnownFileType = sourcecode.swift; path = TrainingSessionHandler.swift; sourceTree = "<group>"; };
		CA1BD767231E626B007618FE /* TrainingSetupViewController.swift */ = {isa = PBXFileReference; lastKnownFileType = sourcecode.swift; path = TrainingSetupViewController.swift; sourceTree = "<group>"; };
		CA4E564B23357692001FEB73 /* PlayViewController.swift */ = {isa = PBXFileReference; lastKnownFileType = sourcecode.swift; path = PlayViewController.swift; sourceTree = "<group>"; };
		CA4E564D2335773F001FEB73 /* PlaySessionHandler.swift */ = {isa = PBXFileReference; lastKnownFileType = sourcecode.swift; path = PlaySessionHandler.swift; sourceTree = "<group>"; };
		CA4E564F23357EC1001FEB73 /* MLConstants.swift */ = {isa = PBXFileReference; lastKnownFileType = sourcecode.swift; path = MLConstants.swift; sourceTree = "<group>"; };
		CA4E565123358088001FEB73 /* MotionAnalysis.swift */ = {isa = PBXFileReference; lastKnownFileType = sourcecode.swift; path = MotionAnalysis.swift; sourceTree = "<group>"; };
		CA4E5653233600AB001FEB73 /* SummaryViewController.swift */ = {isa = PBXFileReference; lastKnownFileType = sourcecode.swift; path = SummaryViewController.swift; sourceTree = "<group>"; };
		CA7B76A7231588D000856BB5 /* SegueManager.swift */ = {isa = PBXFileReference; lastKnownFileType = sourcecode.swift; path = SegueManager.swift; sourceTree = "<group>"; };
		CA8DBB4A2307E5C800103052 /* FormUtilities.swift */ = {isa = PBXFileReference; lastKnownFileType = sourcecode.swift; path = FormUtilities.swift; sourceTree = "<group>"; };
		CA8DBB4C2307EFA600103052 /* GoogleService-Info.plist */ = {isa = PBXFileReference; fileEncoding = 4; lastKnownFileType = text.plist.xml; path = "GoogleService-Info.plist"; sourceTree = "<group>"; };
		CAA0CB06230401280098331D /* HomeViewController.swift */ = {isa = PBXFileReference; lastKnownFileType = sourcecode.swift; path = HomeViewController.swift; sourceTree = "<group>"; };
		CAA0CB0E230410D30098331D /* Constants.swift */ = {isa = PBXFileReference; fileEncoding = 4; lastKnownFileType = sourcecode.swift; path = Constants.swift; sourceTree = "<group>"; };
		CAA0CB10230410DD0098331D /* Utilities.swift */ = {isa = PBXFileReference; fileEncoding = 4; lastKnownFileType = sourcecode.swift; path = Utilities.swift; sourceTree = "<group>"; };
		CAA0CB152306C3C80098331D /* InitialViewController.swift */ = {isa = PBXFileReference; lastKnownFileType = sourcecode.swift; path = InitialViewController.swift; sourceTree = "<group>"; };
		CAA0CB172307DFC30098331D /* LoginViewController.swift */ = {isa = PBXFileReference; lastKnownFileType = sourcecode.swift; path = LoginViewController.swift; sourceTree = "<group>"; };
		CAA0CB192307E39B0098331D /* SignUpViewController.swift */ = {isa = PBXFileReference; lastKnownFileType = sourcecode.swift; path = SignUpViewController.swift; sourceTree = "<group>"; };
		CAB7BFC22327D28D00683131 /* WatchSessionManager.swift */ = {isa = PBXFileReference; lastKnownFileType = sourcecode.swift; path = WatchSessionManager.swift; sourceTree = "<group>"; };
		CAB7BFC52327D3AF00683131 /* Pods_Hawk_WatchKit_App.framework */ = {isa = PBXFileReference; explicitFileType = wrapper.framework; path = Pods_Hawk_WatchKit_App.framework; sourceTree = BUILT_PRODUCTS_DIR; };
		CAB7BFC72327D4AD00683131 /* Pods_Hawk_WatchKit_App.framework */ = {isa = PBXFileReference; explicitFileType = wrapper.framework; path = Pods_Hawk_WatchKit_App.framework; sourceTree = BUILT_PRODUCTS_DIR; };
		CADFC6272321194800CFEF9D /* MLConstants.swift */ = {isa = PBXFileReference; lastKnownFileType = sourcecode.swift; path = MLConstants.swift; sourceTree = "<group>"; };
		CAF7D91022F185DB00B8BEA5 /* Main.storyboard */ = {isa = PBXFileReference; lastKnownFileType = file.storyboard; path = Main.storyboard; sourceTree = "<group>"; };
		D42135C122B4101400BD55D3 /* Hawk WatchKit Extension.entitlements */ = {isa = PBXFileReference; lastKnownFileType = text.plist.entitlements; path = "Hawk WatchKit Extension.entitlements"; sourceTree = "<group>"; };
		D42135C322B4101400BD55D3 /* HealthKit.framework */ = {isa = PBXFileReference; lastKnownFileType = wrapper.framework; name = HealthKit.framework; path = Platforms/WatchOS.platform/Developer/SDKs/WatchOS5.2.sdk/System/Library/Frameworks/HealthKit.framework; sourceTree = DEVELOPER_DIR; };
		D42135C522B5073A00BD55D3 /* HomeController.swift */ = {isa = PBXFileReference; lastKnownFileType = sourcecode.swift; path = HomeController.swift; sourceTree = "<group>"; };
		D4286FC222B40A4400994C82 /* Hawk.app */ = {isa = PBXFileReference; explicitFileType = wrapper.application; includeInIndex = 0; path = Hawk.app; sourceTree = BUILT_PRODUCTS_DIR; };
		D4286FC522B40A4400994C82 /* AppDelegate.swift */ = {isa = PBXFileReference; lastKnownFileType = sourcecode.swift; path = AppDelegate.swift; sourceTree = "<group>"; };
		D4286FC722B40A4400994C82 /* ViewController.swift */ = {isa = PBXFileReference; lastKnownFileType = sourcecode.swift; path = ViewController.swift; sourceTree = "<group>"; };
		D4286FCC22B40A4400994C82 /* Assets.xcassets */ = {isa = PBXFileReference; lastKnownFileType = folder.assetcatalog; path = Assets.xcassets; sourceTree = "<group>"; };
		D4286FCF22B40A4400994C82 /* Base */ = {isa = PBXFileReference; lastKnownFileType = file.storyboard; name = Base; path = Base.lproj/LaunchScreen.storyboard; sourceTree = "<group>"; };
		D4286FD122B40A4400994C82 /* Info.plist */ = {isa = PBXFileReference; lastKnownFileType = text.plist.xml; path = Info.plist; sourceTree = "<group>"; };
		D4286FD622B40A4400994C82 /* HawkTests.xctest */ = {isa = PBXFileReference; explicitFileType = wrapper.cfbundle; includeInIndex = 0; path = HawkTests.xctest; sourceTree = BUILT_PRODUCTS_DIR; };
		D4286FDA22B40A4400994C82 /* HawkTests.swift */ = {isa = PBXFileReference; lastKnownFileType = sourcecode.swift; path = HawkTests.swift; sourceTree = "<group>"; };
		D4286FDC22B40A4400994C82 /* Info.plist */ = {isa = PBXFileReference; lastKnownFileType = text.plist.xml; path = Info.plist; sourceTree = "<group>"; };
		D4286FE122B40A4400994C82 /* HawkUITests.xctest */ = {isa = PBXFileReference; explicitFileType = wrapper.cfbundle; includeInIndex = 0; path = HawkUITests.xctest; sourceTree = BUILT_PRODUCTS_DIR; };
		D4286FE522B40A4400994C82 /* HawkUITests.swift */ = {isa = PBXFileReference; lastKnownFileType = sourcecode.swift; path = HawkUITests.swift; sourceTree = "<group>"; };
		D4286FE722B40A4500994C82 /* Info.plist */ = {isa = PBXFileReference; lastKnownFileType = text.plist.xml; path = Info.plist; sourceTree = "<group>"; };
		D4286FEA22B40A4500994C82 /* Hawk WatchKit App.app */ = {isa = PBXFileReference; explicitFileType = wrapper.application; includeInIndex = 0; path = "Hawk WatchKit App.app"; sourceTree = BUILT_PRODUCTS_DIR; };
		D4286FF022B40A4500994C82 /* Base */ = {isa = PBXFileReference; lastKnownFileType = file.storyboard; name = Base; path = Base.lproj/Interface.storyboard; sourceTree = "<group>"; };
		D4286FF222B40A4500994C82 /* Assets.xcassets */ = {isa = PBXFileReference; lastKnownFileType = folder.assetcatalog; path = Assets.xcassets; sourceTree = "<group>"; };
		D4286FF422B40A4500994C82 /* Info.plist */ = {isa = PBXFileReference; lastKnownFileType = text.plist.xml; path = Info.plist; sourceTree = "<group>"; };
		D4286FF922B40A4500994C82 /* Hawk WatchKit Extension.appex */ = {isa = PBXFileReference; explicitFileType = "wrapper.app-extension"; includeInIndex = 0; path = "Hawk WatchKit Extension.appex"; sourceTree = BUILT_PRODUCTS_DIR; };
		D4286FFE22B40A4500994C82 /* InterfaceController.swift */ = {isa = PBXFileReference; lastKnownFileType = sourcecode.swift; path = InterfaceController.swift; sourceTree = "<group>"; };
		D428700022B40A4500994C82 /* ExtensionDelegate.swift */ = {isa = PBXFileReference; lastKnownFileType = sourcecode.swift; path = ExtensionDelegate.swift; sourceTree = "<group>"; };
		D428700222B40A4500994C82 /* NotificationController.swift */ = {isa = PBXFileReference; lastKnownFileType = sourcecode.swift; path = NotificationController.swift; sourceTree = "<group>"; };
		D428700422B40A4600994C82 /* Assets.xcassets */ = {isa = PBXFileReference; lastKnownFileType = folder.assetcatalog; path = Assets.xcassets; sourceTree = "<group>"; };
		D428700622B40A4600994C82 /* Info.plist */ = {isa = PBXFileReference; lastKnownFileType = text.plist.xml; path = Info.plist; sourceTree = "<group>"; };
		D428700722B40A4600994C82 /* PushNotificationPayload.apns */ = {isa = PBXFileReference; lastKnownFileType = text; path = PushNotificationPayload.apns; sourceTree = "<group>"; };
		D428701B22B40A9B00994C82 /* WorkoutManager.swift */ = {isa = PBXFileReference; lastKnownFileType = sourcecode.swift; path = WorkoutManager.swift; sourceTree = "<group>"; };
		D428701D22B40AC500994C82 /* MotionManager.swift */ = {isa = PBXFileReference; lastKnownFileType = sourcecode.swift; path = MotionManager.swift; sourceTree = "<group>"; };
		D428701F22B40ADF00994C82 /* ShotManager.swift */ = {isa = PBXFileReference; lastKnownFileType = sourcecode.swift; path = ShotManager.swift; sourceTree = "<group>"; };
		D4A9749F22CD109C00627358 /* SessionHandler.swift */ = {isa = PBXFileReference; lastKnownFileType = sourcecode.swift; path = SessionHandler.swift; sourceTree = "<group>"; };
		D4A974A422D215B600627358 /* Hawk.entitlements */ = {isa = PBXFileReference; lastKnownFileType = text.plist.entitlements; path = Hawk.entitlements; sourceTree = "<group>"; };
		D4A974A522D215B600627358 /* HealthKit.framework */ = {isa = PBXFileReference; lastKnownFileType = wrapper.framework; name = HealthKit.framework; path = System/Library/Frameworks/HealthKit.framework; sourceTree = SDKROOT; };
		FE8BD4DB32BAD5DD24716EC2 /* Pods_Hawk.framework */ = {isa = PBXFileReference; explicitFileType = wrapper.framework; includeInIndex = 0; path = Pods_Hawk.framework; sourceTree = BUILT_PRODUCTS_DIR; };
/* End PBXFileReference section */

/* Begin PBXFrameworksBuildPhase section */
		288822098F7FE327EEF53E77 /* Frameworks */ = {
			isa = PBXFrameworksBuildPhase;
			buildActionMask = 2147483647;
			files = (
				E5009847941D394C78A2FEB5 /* Pods_Hawk_WatchKit_App.framework in Frameworks */,
			);
			runOnlyForDeploymentPostprocessing = 0;
		};
		D4286FBF22B40A4400994C82 /* Frameworks */ = {
			isa = PBXFrameworksBuildPhase;
			buildActionMask = 2147483647;
			files = (
				D4A974A622D215B600627358 /* HealthKit.framework in Frameworks */,
				C8C144CE09820A39B71F501F /* Pods_Hawk.framework in Frameworks */,
			);
			runOnlyForDeploymentPostprocessing = 0;
		};
		D4286FD322B40A4400994C82 /* Frameworks */ = {
			isa = PBXFrameworksBuildPhase;
			buildActionMask = 2147483647;
			files = (
				BF8BF55C7B5FB4A772B7914A /* Pods_HawkTests.framework in Frameworks */,
			);
			runOnlyForDeploymentPostprocessing = 0;
		};
		D4286FDE22B40A4400994C82 /* Frameworks */ = {
			isa = PBXFrameworksBuildPhase;
			buildActionMask = 2147483647;
			files = (
				DED73B9BE7BD7A4EB4AC3FED /* Pods_HawkUITests.framework in Frameworks */,
			);
			runOnlyForDeploymentPostprocessing = 0;
		};
		D4286FF622B40A4500994C82 /* Frameworks */ = {
			isa = PBXFrameworksBuildPhase;
			buildActionMask = 2147483647;
			files = (
				D42135C422B4101400BD55D3 /* HealthKit.framework in Frameworks */,
				15FAEE7A406464392532B3BD /* Pods_Hawk_WatchKit_Extension.framework in Frameworks */,
			);
			runOnlyForDeploymentPostprocessing = 0;
		};
/* End PBXFrameworksBuildPhase section */

/* Begin PBXGroup section */
		5E9C19EB88FD71BE63998712 /* Pods */ = {
			isa = PBXGroup;
			children = (
				578C611789618310F3E4525D /* Pods-Hawk.debug.xcconfig */,
				1DD95C345119F220700D9006 /* Pods-Hawk.release.xcconfig */,
				3EC501A5CE5F350B4BB82C02 /* Pods-Hawk WatchKit App.debug.xcconfig */,
				BFFB2F62AA3FCFC076B20006 /* Pods-Hawk WatchKit App.release.xcconfig */,
				8F4CABC66D0A2E5882B922A1 /* Pods-Hawk WatchKit Extension.debug.xcconfig */,
				54A5BA0ACB37618E7B31A037 /* Pods-Hawk WatchKit Extension.release.xcconfig */,
				4F4E5006EB7095C38A3EC52B /* Pods-HawkTests.debug.xcconfig */,
				84B5FEEAD138DCAD67A5A16D /* Pods-HawkTests.release.xcconfig */,
				765EDD8B1FFB261882FFF5F2 /* Pods-HawkUITests.debug.xcconfig */,
				C6A8174B7E81C84C05D3A58D /* Pods-HawkUITests.release.xcconfig */,
			);
			path = Pods;
			sourceTree = "<group>";
		};
		CA1BD766231E6234007618FE /* Training Mode */ = {
			isa = PBXGroup;
			children = (
				CA1BD767231E626B007618FE /* TrainingSetupViewController.swift */,
				CA071F57231E93B50008CA41 /* TrainingViewController.swift */,
				CA071F5923210FB50008CA41 /* TrainingSessionHandler.swift */,
			);
			path = "Training Mode";
			sourceTree = "<group>";
		};
		CA3A97D92327D0A20019295B /* Commons */ = {
			isa = PBXGroup;
			children = (
				CAB7BFC22327D28D00683131 /* WatchSessionManager.swift */,
			);
			path = Commons;
			sourceTree = "<group>";
		};
		CA4E564A23357631001FEB73 /* Play Mode */ = {
			isa = PBXGroup;
			children = (
				CA4E564B23357692001FEB73 /* PlayViewController.swift */,
				CA4E564D2335773F001FEB73 /* PlaySessionHandler.swift */,
				CA4E565123358088001FEB73 /* MotionAnalysis.swift */,
				CA4E5653233600AB001FEB73 /* SummaryViewController.swift */,
			);
			path = "Play Mode";
			sourceTree = "<group>";
		};
		CAA0CB0D230410BB0098331D /* Helpers */ = {
			isa = PBXGroup;
			children = (
				CAA0CB0E230410D30098331D /* Constants.swift */,
				CAA0CB10230410DD0098331D /* Utilities.swift */,
				CA8DBB4A2307E5C800103052 /* FormUtilities.swift */,
				CA7B76A7231588D000856BB5 /* SegueManager.swift */,
				CA4E564F23357EC1001FEB73 /* MLConstants.swift */,
			);
			path = Helpers;
			sourceTree = "<group>";
		};
		CAA0CB12230693500098331D /* Authentication View Controllers */ = {
			isa = PBXGroup;
			children = (
				CAA0CB06230401280098331D /* HomeViewController.swift */,
				CAA0CB172307DFC30098331D /* LoginViewController.swift */,
				CAA0CB152306C3C80098331D /* InitialViewController.swift */,
				CAA0CB192307E39B0098331D /* SignUpViewController.swift */,
			);
			path = "Authentication View Controllers";
			sourceTree = "<group>";
		};
		D42135C222B4101400BD55D3 /* Frameworks */ = {
			isa = PBXGroup;
			children = (
				CAB7BFC72327D4AD00683131 /* Pods_Hawk_WatchKit_App.framework */,
				CAB7BFC52327D3AF00683131 /* Pods_Hawk_WatchKit_App.framework */,
				D4A974A522D215B600627358 /* HealthKit.framework */,
				D42135C322B4101400BD55D3 /* HealthKit.framework */,
				FE8BD4DB32BAD5DD24716EC2 /* Pods_Hawk.framework */,
				17453E3FE07A427A3B57AC96 /* Pods_Hawk_WatchKit_App.framework */,
				749ED36184327C705E05E916 /* Pods_Hawk_WatchKit_Extension.framework */,
				7BAAE94E89EAEF16B761B5FD /* Pods_HawkTests.framework */,
				19468B2FFDAB9944943A4B2B /* Pods_HawkUITests.framework */,
			);
			name = Frameworks;
			sourceTree = "<group>";
		};
		D4286FB922B40A4400994C82 = {
			isa = PBXGroup;
			children = (
				D4286FC422B40A4400994C82 /* Hawk */,
				D4286FD922B40A4400994C82 /* HawkTests */,
				D4286FE422B40A4400994C82 /* HawkUITests */,
				CA3A97D92327D0A20019295B /* Commons */,
				D4286FEE22B40A4500994C82 /* Hawk WatchKit App */,
				D4286FFD22B40A4500994C82 /* Hawk WatchKit Extension */,
				D4286FC322B40A4400994C82 /* Products */,
				D42135C222B4101400BD55D3 /* Frameworks */,
				5E9C19EB88FD71BE63998712 /* Pods */,
			);
			sourceTree = "<group>";
		};
		D4286FC322B40A4400994C82 /* Products */ = {
			isa = PBXGroup;
			children = (
				D4286FC222B40A4400994C82 /* Hawk.app */,
				D4286FD622B40A4400994C82 /* HawkTests.xctest */,
				D4286FE122B40A4400994C82 /* HawkUITests.xctest */,
				D4286FEA22B40A4500994C82 /* Hawk WatchKit App.app */,
				D4286FF922B40A4500994C82 /* Hawk WatchKit Extension.appex */,
			);
			name = Products;
			sourceTree = "<group>";
		};
		D4286FC422B40A4400994C82 /* Hawk */ = {
			isa = PBXGroup;
			children = (
				CAA0CB0D230410BB0098331D /* Helpers */,
				CA4E564A23357631001FEB73 /* Play Mode */,
				CA1BD766231E6234007618FE /* Training Mode */,
				CAA0CB12230693500098331D /* Authentication View Controllers */,
				D4A974A422D215B600627358 /* Hawk.entitlements */,
				D4286FC522B40A4400994C82 /* AppDelegate.swift */,
				D4A9749F22CD109C00627358 /* SessionHandler.swift */,
				D4286FC722B40A4400994C82 /* ViewController.swift */,
				D42135C522B5073A00BD55D3 /* HomeController.swift */,
				CAF7D91022F185DB00B8BEA5 /* Main.storyboard */,
				D4286FCE22B40A4400994C82 /* LaunchScreen.storyboard */,
				D4286FCC22B40A4400994C82 /* Assets.xcassets */,
				CA8DBB4C2307EFA600103052 /* GoogleService-Info.plist */,
				D4286FD122B40A4400994C82 /* Info.plist */,
			);
			path = Hawk;
			sourceTree = "<group>";
		};
		D4286FD922B40A4400994C82 /* HawkTests */ = {
			isa = PBXGroup;
			children = (
				D4286FDA22B40A4400994C82 /* HawkTests.swift */,
				D4286FDC22B40A4400994C82 /* Info.plist */,
			);
			path = HawkTests;
			sourceTree = "<group>";
		};
		D4286FE422B40A4400994C82 /* HawkUITests */ = {
			isa = PBXGroup;
			children = (
				D4286FE522B40A4400994C82 /* HawkUITests.swift */,
				D4286FE722B40A4500994C82 /* Info.plist */,
			);
			path = HawkUITests;
			sourceTree = "<group>";
		};
		D4286FEE22B40A4500994C82 /* Hawk WatchKit App */ = {
			isa = PBXGroup;
			children = (
				D4286FEF22B40A4500994C82 /* Interface.storyboard */,
				D4286FF222B40A4500994C82 /* Assets.xcassets */,
				D4286FF422B40A4500994C82 /* Info.plist */,
			);
			path = "Hawk WatchKit App";
			sourceTree = "<group>";
		};
		D4286FFD22B40A4500994C82 /* Hawk WatchKit Extension */ = {
			isa = PBXGroup;
			children = (
				D42135C122B4101400BD55D3 /* Hawk WatchKit Extension.entitlements */,
				D4286FFE22B40A4500994C82 /* InterfaceController.swift */,
				D428701B22B40A9B00994C82 /* WorkoutManager.swift */,
				D428700022B40A4500994C82 /* ExtensionDelegate.swift */,
				D428701D22B40AC500994C82 /* MotionManager.swift */,
				D428700222B40A4500994C82 /* NotificationController.swift */,
				D428700422B40A4600994C82 /* Assets.xcassets */,
				D428700622B40A4600994C82 /* Info.plist */,
				D428700722B40A4600994C82 /* PushNotificationPayload.apns */,
				D428701F22B40ADF00994C82 /* ShotManager.swift */,
				CADFC6272321194800CFEF9D /* MLConstants.swift */,
			);
			path = "Hawk WatchKit Extension";
			sourceTree = "<group>";
		};
/* End PBXGroup section */

/* Begin PBXNativeTarget section */
		D4286FC122B40A4400994C82 /* Hawk */ = {
			isa = PBXNativeTarget;
			buildConfigurationList = D428701222B40A4600994C82 /* Build configuration list for PBXNativeTarget "Hawk" */;
			buildPhases = (
				98ED6FF5CFA5C5CBF71932D5 /* [CP] Check Pods Manifest.lock */,
				D4286FBE22B40A4400994C82 /* Sources */,
				D4286FBF22B40A4400994C82 /* Frameworks */,
				D4286FC022B40A4400994C82 /* Resources */,
				D428701122B40A4600994C82 /* Embed Watch Content */,
				013A211DD413F9E7D0AC5734 /* [CP] Embed Pods Frameworks */,
				F43F56AB3A934542D0C0BCF0 /* [CP] Copy Pods Resources */,
			);
			buildRules = (
			);
			dependencies = (
				D4286FED22B40A4500994C82 /* PBXTargetDependency */,
			);
			name = Hawk;
			productName = Hawk;
			productReference = D4286FC222B40A4400994C82 /* Hawk.app */;
			productType = "com.apple.product-type.application";
		};
		D4286FD522B40A4400994C82 /* HawkTests */ = {
			isa = PBXNativeTarget;
			buildConfigurationList = D428701522B40A4600994C82 /* Build configuration list for PBXNativeTarget "HawkTests" */;
			buildPhases = (
				F317D3F9B457D4C40578B261 /* [CP] Check Pods Manifest.lock */,
				D4286FD222B40A4400994C82 /* Sources */,
				D4286FD322B40A4400994C82 /* Frameworks */,
				D4286FD422B40A4400994C82 /* Resources */,
			);
			buildRules = (
			);
			dependencies = (
				D4286FD822B40A4400994C82 /* PBXTargetDependency */,
			);
			name = HawkTests;
			productName = HawkTests;
			productReference = D4286FD622B40A4400994C82 /* HawkTests.xctest */;
			productType = "com.apple.product-type.bundle.unit-test";
		};
		D4286FE022B40A4400994C82 /* HawkUITests */ = {
			isa = PBXNativeTarget;
			buildConfigurationList = D428701822B40A4600994C82 /* Build configuration list for PBXNativeTarget "HawkUITests" */;
			buildPhases = (
				4BCB3D0C48CE95190A3DD712 /* [CP] Check Pods Manifest.lock */,
				D4286FDD22B40A4400994C82 /* Sources */,
				D4286FDE22B40A4400994C82 /* Frameworks */,
				D4286FDF22B40A4400994C82 /* Resources */,
			);
			buildRules = (
			);
			dependencies = (
				D4286FE322B40A4400994C82 /* PBXTargetDependency */,
			);
			name = HawkUITests;
			productName = HawkUITests;
			productReference = D4286FE122B40A4400994C82 /* HawkUITests.xctest */;
			productType = "com.apple.product-type.bundle.ui-testing";
		};
		D4286FE922B40A4500994C82 /* Hawk WatchKit App */ = {
			isa = PBXNativeTarget;
			buildConfigurationList = D428700E22B40A4600994C82 /* Build configuration list for PBXNativeTarget "Hawk WatchKit App" */;
			buildPhases = (
				679D4E6EB6FF45884E4A6164 /* [CP] Check Pods Manifest.lock */,
				D4286FE822B40A4500994C82 /* Resources */,
				D428700D22B40A4600994C82 /* Embed App Extensions */,
				288822098F7FE327EEF53E77 /* Frameworks */,
			);
			buildRules = (
			);
			dependencies = (
				D4286FFC22B40A4500994C82 /* PBXTargetDependency */,
			);
			name = "Hawk WatchKit App";
			productName = "Hawk WatchKit App";
			productReference = D4286FEA22B40A4500994C82 /* Hawk WatchKit App.app */;
			productType = "com.apple.product-type.application.watchapp2";
		};
		D4286FF822B40A4500994C82 /* Hawk WatchKit Extension */ = {
			isa = PBXNativeTarget;
			buildConfigurationList = D428700A22B40A4600994C82 /* Build configuration list for PBXNativeTarget "Hawk WatchKit Extension" */;
			buildPhases = (
				76E89A53CC801BB2D3ABB5BF /* [CP] Check Pods Manifest.lock */,
				D4286FF522B40A4500994C82 /* Sources */,
				D4286FF622B40A4500994C82 /* Frameworks */,
				D4286FF722B40A4500994C82 /* Resources */,
			);
			buildRules = (
			);
			dependencies = (
			);
			name = "Hawk WatchKit Extension";
			productName = "Hawk WatchKit Extension";
			productReference = D4286FF922B40A4500994C82 /* Hawk WatchKit Extension.appex */;
			productType = "com.apple.product-type.watchkit2-extension";
		};
/* End PBXNativeTarget section */

/* Begin PBXProject section */
		D4286FBA22B40A4400994C82 /* Project object */ = {
			isa = PBXProject;
			attributes = {
				LastSwiftUpdateCheck = 1020;
				LastUpgradeCheck = 1020;
				ORGANIZATIONNAME = "Keshwyn Annauth";
				TargetAttributes = {
					D4286FC122B40A4400994C82 = {
						CreatedOnToolsVersion = 10.2.1;
						SystemCapabilities = {
							com.apple.BackgroundModes = {
								enabled = 0;
							};
							com.apple.HealthKit = {
								enabled = 1;
							};
						};
					};
					D4286FD522B40A4400994C82 = {
						CreatedOnToolsVersion = 10.2.1;
						TestTargetID = D4286FC122B40A4400994C82;
					};
					D4286FE022B40A4400994C82 = {
						CreatedOnToolsVersion = 10.2.1;
						TestTargetID = D4286FC122B40A4400994C82;
					};
					D4286FE922B40A4500994C82 = {
						CreatedOnToolsVersion = 10.2.1;
					};
					D4286FF822B40A4500994C82 = {
						CreatedOnToolsVersion = 10.2.1;
						SystemCapabilities = {
							com.apple.HealthKit.watchos = {
								enabled = 1;
							};
						};
					};
				};
			};
			buildConfigurationList = D4286FBD22B40A4400994C82 /* Build configuration list for PBXProject "Hawk" */;
			compatibilityVersion = "Xcode 9.3";
			developmentRegion = en;
			hasScannedForEncodings = 0;
			knownRegions = (
				en,
				Base,
			);
			mainGroup = D4286FB922B40A4400994C82;
			productRefGroup = D4286FC322B40A4400994C82 /* Products */;
			projectDirPath = "";
			projectRoot = "";
			targets = (
				D4286FC122B40A4400994C82 /* Hawk */,
				D4286FD522B40A4400994C82 /* HawkTests */,
				D4286FE022B40A4400994C82 /* HawkUITests */,
				D4286FE922B40A4500994C82 /* Hawk WatchKit App */,
				D4286FF822B40A4500994C82 /* Hawk WatchKit Extension */,
			);
		};
/* End PBXProject section */

/* Begin PBXResourcesBuildPhase section */
		D4286FC022B40A4400994C82 /* Resources */ = {
			isa = PBXResourcesBuildPhase;
			buildActionMask = 2147483647;
			files = (
				CAF7D91122F185DB00B8BEA5 /* Main.storyboard in Resources */,
				CA8DBB4D2307EFA600103052 /* GoogleService-Info.plist in Resources */,
				D4286FD022B40A4400994C82 /* LaunchScreen.storyboard in Resources */,
				D4286FCD22B40A4400994C82 /* Assets.xcassets in Resources */,
			);
			runOnlyForDeploymentPostprocessing = 0;
		};
		D4286FD422B40A4400994C82 /* Resources */ = {
			isa = PBXResourcesBuildPhase;
			buildActionMask = 2147483647;
			files = (
			);
			runOnlyForDeploymentPostprocessing = 0;
		};
		D4286FDF22B40A4400994C82 /* Resources */ = {
			isa = PBXResourcesBuildPhase;
			buildActionMask = 2147483647;
			files = (
			);
			runOnlyForDeploymentPostprocessing = 0;
		};
		D4286FE822B40A4500994C82 /* Resources */ = {
			isa = PBXResourcesBuildPhase;
			buildActionMask = 2147483647;
			files = (
				D4286FF322B40A4500994C82 /* Assets.xcassets in Resources */,
				D4286FF122B40A4500994C82 /* Interface.storyboard in Resources */,
			);
			runOnlyForDeploymentPostprocessing = 0;
		};
		D4286FF722B40A4500994C82 /* Resources */ = {
			isa = PBXResourcesBuildPhase;
			buildActionMask = 2147483647;
			files = (
				D428700522B40A4600994C82 /* Assets.xcassets in Resources */,
			);
			runOnlyForDeploymentPostprocessing = 0;
		};
/* End PBXResourcesBuildPhase section */

/* Begin PBXShellScriptBuildPhase section */
		013A211DD413F9E7D0AC5734 /* [CP] Embed Pods Frameworks */ = {
			isa = PBXShellScriptBuildPhase;
			buildActionMask = 2147483647;
			files = (
			);
			inputFileListPaths = (
				"${PODS_ROOT}/Target Support Files/Pods-Hawk/Pods-Hawk-frameworks-${CONFIGURATION}-input-files.xcfilelist",
			);
			name = "[CP] Embed Pods Frameworks";
			outputFileListPaths = (
				"${PODS_ROOT}/Target Support Files/Pods-Hawk/Pods-Hawk-frameworks-${CONFIGURATION}-output-files.xcfilelist",
			);
			runOnlyForDeploymentPostprocessing = 0;
			shellPath = /bin/sh;
			shellScript = "\"${PODS_ROOT}/Target Support Files/Pods-Hawk/Pods-Hawk-frameworks.sh\"\n";
			showEnvVarsInLog = 0;
		};
		4BCB3D0C48CE95190A3DD712 /* [CP] Check Pods Manifest.lock */ = {
			isa = PBXShellScriptBuildPhase;
			buildActionMask = 2147483647;
			files = (
			);
			inputFileListPaths = (
			);
			inputPaths = (
				"${PODS_PODFILE_DIR_PATH}/Podfile.lock",
				"${PODS_ROOT}/Manifest.lock",
			);
			name = "[CP] Check Pods Manifest.lock";
			outputFileListPaths = (
			);
			outputPaths = (
				"$(DERIVED_FILE_DIR)/Pods-HawkUITests-checkManifestLockResult.txt",
			);
			runOnlyForDeploymentPostprocessing = 0;
			shellPath = /bin/sh;
			shellScript = "diff \"${PODS_PODFILE_DIR_PATH}/Podfile.lock\" \"${PODS_ROOT}/Manifest.lock\" > /dev/null\nif [ $? != 0 ] ; then\n    # print error to STDERR\n    echo \"error: The sandbox is not in sync with the Podfile.lock. Run 'pod install' or update your CocoaPods installation.\" >&2\n    exit 1\nfi\n# This output is used by Xcode 'outputs' to avoid re-running this script phase.\necho \"SUCCESS\" > \"${SCRIPT_OUTPUT_FILE_0}\"\n";
			showEnvVarsInLog = 0;
		};
		679D4E6EB6FF45884E4A6164 /* [CP] Check Pods Manifest.lock */ = {
			isa = PBXShellScriptBuildPhase;
			buildActionMask = 2147483647;
			files = (
			);
			inputFileListPaths = (
			);
			inputPaths = (
				"${PODS_PODFILE_DIR_PATH}/Podfile.lock",
				"${PODS_ROOT}/Manifest.lock",
			);
			name = "[CP] Check Pods Manifest.lock";
			outputFileListPaths = (
			);
			outputPaths = (
				"$(DERIVED_FILE_DIR)/Pods-Hawk WatchKit App-checkManifestLockResult.txt",
			);
			runOnlyForDeploymentPostprocessing = 0;
			shellPath = /bin/sh;
			shellScript = "diff \"${PODS_PODFILE_DIR_PATH}/Podfile.lock\" \"${PODS_ROOT}/Manifest.lock\" > /dev/null\nif [ $? != 0 ] ; then\n    # print error to STDERR\n    echo \"error: The sandbox is not in sync with the Podfile.lock. Run 'pod install' or update your CocoaPods installation.\" >&2\n    exit 1\nfi\n# This output is used by Xcode 'outputs' to avoid re-running this script phase.\necho \"SUCCESS\" > \"${SCRIPT_OUTPUT_FILE_0}\"\n";
			showEnvVarsInLog = 0;
		};
		76E89A53CC801BB2D3ABB5BF /* [CP] Check Pods Manifest.lock */ = {
			isa = PBXShellScriptBuildPhase;
			buildActionMask = 2147483647;
			files = (
			);
			inputFileListPaths = (
			);
			inputPaths = (
				"${PODS_PODFILE_DIR_PATH}/Podfile.lock",
				"${PODS_ROOT}/Manifest.lock",
			);
			name = "[CP] Check Pods Manifest.lock";
			outputFileListPaths = (
			);
			outputPaths = (
				"$(DERIVED_FILE_DIR)/Pods-Hawk WatchKit Extension-checkManifestLockResult.txt",
			);
			runOnlyForDeploymentPostprocessing = 0;
			shellPath = /bin/sh;
			shellScript = "diff \"${PODS_PODFILE_DIR_PATH}/Podfile.lock\" \"${PODS_ROOT}/Manifest.lock\" > /dev/null\nif [ $? != 0 ] ; then\n    # print error to STDERR\n    echo \"error: The sandbox is not in sync with the Podfile.lock. Run 'pod install' or update your CocoaPods installation.\" >&2\n    exit 1\nfi\n# This output is used by Xcode 'outputs' to avoid re-running this script phase.\necho \"SUCCESS\" > \"${SCRIPT_OUTPUT_FILE_0}\"\n";
			showEnvVarsInLog = 0;
		};
		98ED6FF5CFA5C5CBF71932D5 /* [CP] Check Pods Manifest.lock */ = {
			isa = PBXShellScriptBuildPhase;
			buildActionMask = 2147483647;
			files = (
			);
			inputFileListPaths = (
			);
			inputPaths = (
				"${PODS_PODFILE_DIR_PATH}/Podfile.lock",
				"${PODS_ROOT}/Manifest.lock",
			);
			name = "[CP] Check Pods Manifest.lock";
			outputFileListPaths = (
			);
			outputPaths = (
				"$(DERIVED_FILE_DIR)/Pods-Hawk-checkManifestLockResult.txt",
			);
			runOnlyForDeploymentPostprocessing = 0;
			shellPath = /bin/sh;
			shellScript = "diff \"${PODS_PODFILE_DIR_PATH}/Podfile.lock\" \"${PODS_ROOT}/Manifest.lock\" > /dev/null\nif [ $? != 0 ] ; then\n    # print error to STDERR\n    echo \"error: The sandbox is not in sync with the Podfile.lock. Run 'pod install' or update your CocoaPods installation.\" >&2\n    exit 1\nfi\n# This output is used by Xcode 'outputs' to avoid re-running this script phase.\necho \"SUCCESS\" > \"${SCRIPT_OUTPUT_FILE_0}\"\n";
			showEnvVarsInLog = 0;
		};
		F317D3F9B457D4C40578B261 /* [CP] Check Pods Manifest.lock */ = {
			isa = PBXShellScriptBuildPhase;
			buildActionMask = 2147483647;
			files = (
			);
			inputFileListPaths = (
			);
			inputPaths = (
				"${PODS_PODFILE_DIR_PATH}/Podfile.lock",
				"${PODS_ROOT}/Manifest.lock",
			);
			name = "[CP] Check Pods Manifest.lock";
			outputFileListPaths = (
			);
			outputPaths = (
				"$(DERIVED_FILE_DIR)/Pods-HawkTests-checkManifestLockResult.txt",
			);
			runOnlyForDeploymentPostprocessing = 0;
			shellPath = /bin/sh;
			shellScript = "diff \"${PODS_PODFILE_DIR_PATH}/Podfile.lock\" \"${PODS_ROOT}/Manifest.lock\" > /dev/null\nif [ $? != 0 ] ; then\n    # print error to STDERR\n    echo \"error: The sandbox is not in sync with the Podfile.lock. Run 'pod install' or update your CocoaPods installation.\" >&2\n    exit 1\nfi\n# This output is used by Xcode 'outputs' to avoid re-running this script phase.\necho \"SUCCESS\" > \"${SCRIPT_OUTPUT_FILE_0}\"\n";
			showEnvVarsInLog = 0;
		};
		F43F56AB3A934542D0C0BCF0 /* [CP] Copy Pods Resources */ = {
			isa = PBXShellScriptBuildPhase;
			buildActionMask = 2147483647;
			files = (
			);
			inputFileListPaths = (
				"${PODS_ROOT}/Target Support Files/Pods-Hawk/Pods-Hawk-resources-${CONFIGURATION}-input-files.xcfilelist",
			);
			name = "[CP] Copy Pods Resources";
			outputFileListPaths = (
				"${PODS_ROOT}/Target Support Files/Pods-Hawk/Pods-Hawk-resources-${CONFIGURATION}-output-files.xcfilelist",
			);
			runOnlyForDeploymentPostprocessing = 0;
			shellPath = /bin/sh;
			shellScript = "\"${PODS_ROOT}/Target Support Files/Pods-Hawk/Pods-Hawk-resources.sh\"\n";
			showEnvVarsInLog = 0;
		};
/* End PBXShellScriptBuildPhase section */

/* Begin PBXSourcesBuildPhase section */
		D4286FBE22B40A4400994C82 /* Sources */ = {
			isa = PBXSourcesBuildPhase;
			buildActionMask = 2147483647;
			files = (
				CAA0CB162306C3C80098331D /* InitialViewController.swift in Sources */,
				CA4E565223358088001FEB73 /* MotionAnalysis.swift in Sources */,
				CA1BD768231E626B007618FE /* TrainingSetupViewController.swift in Sources */,
				CA4E565023357EC1001FEB73 /* MLConstants.swift in Sources */,
				D4286FC822B40A4400994C82 /* ViewController.swift in Sources */,
				CA4E5654233600AB001FEB73 /* SummaryViewController.swift in Sources */,
				D4A974A022CD109C00627358 /* SessionHandler.swift in Sources */,
				CAA0CB11230410DD0098331D /* Utilities.swift in Sources */,
				CAA0CB1A2307E39B0098331D /* SignUpViewController.swift in Sources */,
				CA7B76A8231588D000856BB5 /* SegueManager.swift in Sources */,
				D4286FC622B40A4400994C82 /* AppDelegate.swift in Sources */,
				CAA0CB08230401EF0098331D /* HomeViewController.swift in Sources */,
				CA4E564C23357692001FEB73 /* PlayViewController.swift in Sources */,
				CA071F5A23210FB50008CA41 /* TrainingSessionHandler.swift in Sources */,
				CAB7BFC32327D28D00683131 /* WatchSessionManager.swift in Sources */,
				D42135C622B5073A00BD55D3 /* HomeController.swift in Sources */,
				CA071F58231E93B50008CA41 /* TrainingViewController.swift in Sources */,
				CA8DBB4B2307E5C800103052 /* FormUtilities.swift in Sources */,
				CAA0CB182307DFC30098331D /* LoginViewController.swift in Sources */,
				CAA0CB0F230410D30098331D /* Constants.swift in Sources */,
				CA4E564E2335773F001FEB73 /* PlaySessionHandler.swift in Sources */,
			);
			runOnlyForDeploymentPostprocessing = 0;
		};
		D4286FD222B40A4400994C82 /* Sources */ = {
			isa = PBXSourcesBuildPhase;
			buildActionMask = 2147483647;
			files = (
				D4286FDB22B40A4400994C82 /* HawkTests.swift in Sources */,
			);
			runOnlyForDeploymentPostprocessing = 0;
		};
		D4286FDD22B40A4400994C82 /* Sources */ = {
			isa = PBXSourcesBuildPhase;
			buildActionMask = 2147483647;
			files = (
				D4286FE622B40A4400994C82 /* HawkUITests.swift in Sources */,
			);
			runOnlyForDeploymentPostprocessing = 0;
		};
		D4286FF522B40A4500994C82 /* Sources */ = {
			isa = PBXSourcesBuildPhase;
			buildActionMask = 2147483647;
			files = (
				D428700322B40A4500994C82 /* NotificationController.swift in Sources */,
				D428702022B40ADF00994C82 /* ShotManager.swift in Sources */,
				CAB7BFC42327D28D00683131 /* WatchSessionManager.swift in Sources */,
				D428701E22B40AC500994C82 /* MotionManager.swift in Sources */,
				D428701C22B40A9B00994C82 /* WorkoutManager.swift in Sources */,
				CADFC6282321194800CFEF9D /* MLConstants.swift in Sources */,
				D428700122B40A4500994C82 /* ExtensionDelegate.swift in Sources */,
				D4286FFF22B40A4500994C82 /* InterfaceController.swift in Sources */,
			);
			runOnlyForDeploymentPostprocessing = 0;
		};
/* End PBXSourcesBuildPhase section */

/* Begin PBXTargetDependency section */
		D4286FD822B40A4400994C82 /* PBXTargetDependency */ = {
			isa = PBXTargetDependency;
			target = D4286FC122B40A4400994C82 /* Hawk */;
			targetProxy = D4286FD722B40A4400994C82 /* PBXContainerItemProxy */;
		};
		D4286FE322B40A4400994C82 /* PBXTargetDependency */ = {
			isa = PBXTargetDependency;
			target = D4286FC122B40A4400994C82 /* Hawk */;
			targetProxy = D4286FE222B40A4400994C82 /* PBXContainerItemProxy */;
		};
		D4286FED22B40A4500994C82 /* PBXTargetDependency */ = {
			isa = PBXTargetDependency;
			target = D4286FE922B40A4500994C82 /* Hawk WatchKit App */;
			targetProxy = D4286FEC22B40A4500994C82 /* PBXContainerItemProxy */;
		};
		D4286FFC22B40A4500994C82 /* PBXTargetDependency */ = {
			isa = PBXTargetDependency;
			target = D4286FF822B40A4500994C82 /* Hawk WatchKit Extension */;
			targetProxy = D4286FFB22B40A4500994C82 /* PBXContainerItemProxy */;
		};
/* End PBXTargetDependency section */

/* Begin PBXVariantGroup section */
		D4286FCE22B40A4400994C82 /* LaunchScreen.storyboard */ = {
			isa = PBXVariantGroup;
			children = (
				D4286FCF22B40A4400994C82 /* Base */,
			);
			name = LaunchScreen.storyboard;
			sourceTree = "<group>";
		};
		D4286FEF22B40A4500994C82 /* Interface.storyboard */ = {
			isa = PBXVariantGroup;
			children = (
				D4286FF022B40A4500994C82 /* Base */,
			);
			name = Interface.storyboard;
			sourceTree = "<group>";
		};
/* End PBXVariantGroup section */

/* Begin XCBuildConfiguration section */
		D428700822B40A4600994C82 /* Debug */ = {
			isa = XCBuildConfiguration;
			buildSettings = {
				ALWAYS_SEARCH_USER_PATHS = NO;
				CLANG_ANALYZER_NONNULL = YES;
				CLANG_ANALYZER_NUMBER_OBJECT_CONVERSION = YES_AGGRESSIVE;
				CLANG_CXX_LANGUAGE_STANDARD = "gnu++14";
				CLANG_CXX_LIBRARY = "libc++";
				CLANG_ENABLE_MODULES = YES;
				CLANG_ENABLE_OBJC_ARC = YES;
				CLANG_ENABLE_OBJC_WEAK = YES;
				CLANG_WARN_BLOCK_CAPTURE_AUTORELEASING = YES;
				CLANG_WARN_BOOL_CONVERSION = YES;
				CLANG_WARN_COMMA = YES;
				CLANG_WARN_CONSTANT_CONVERSION = YES;
				CLANG_WARN_DEPRECATED_OBJC_IMPLEMENTATIONS = YES;
				CLANG_WARN_DIRECT_OBJC_ISA_USAGE = YES_ERROR;
				CLANG_WARN_DOCUMENTATION_COMMENTS = YES;
				CLANG_WARN_EMPTY_BODY = YES;
				CLANG_WARN_ENUM_CONVERSION = YES;
				CLANG_WARN_INFINITE_RECURSION = YES;
				CLANG_WARN_INT_CONVERSION = YES;
				CLANG_WARN_NON_LITERAL_NULL_CONVERSION = YES;
				CLANG_WARN_OBJC_IMPLICIT_RETAIN_SELF = YES;
				CLANG_WARN_OBJC_LITERAL_CONVERSION = YES;
				CLANG_WARN_OBJC_ROOT_CLASS = YES_ERROR;
				CLANG_WARN_RANGE_LOOP_ANALYSIS = YES;
				CLANG_WARN_STRICT_PROTOTYPES = YES;
				CLANG_WARN_SUSPICIOUS_MOVE = YES;
				CLANG_WARN_UNGUARDED_AVAILABILITY = YES_AGGRESSIVE;
				CLANG_WARN_UNREACHABLE_CODE = YES;
				CLANG_WARN__DUPLICATE_METHOD_MATCH = YES;
				CODE_SIGN_IDENTITY = "iPhone Developer";
				COPY_PHASE_STRIP = NO;
				DEBUG_INFORMATION_FORMAT = dwarf;
				ENABLE_STRICT_OBJC_MSGSEND = YES;
				ENABLE_TESTABILITY = YES;
				GCC_C_LANGUAGE_STANDARD = gnu11;
				GCC_DYNAMIC_NO_PIC = NO;
				GCC_NO_COMMON_BLOCKS = YES;
				GCC_OPTIMIZATION_LEVEL = 0;
				GCC_PREPROCESSOR_DEFINITIONS = (
					"DEBUG=1",
					"$(inherited)",
				);
				GCC_WARN_64_TO_32_BIT_CONVERSION = YES;
				GCC_WARN_ABOUT_RETURN_TYPE = YES_ERROR;
				GCC_WARN_UNDECLARED_SELECTOR = YES;
				GCC_WARN_UNINITIALIZED_AUTOS = YES_AGGRESSIVE;
				GCC_WARN_UNUSED_FUNCTION = YES;
				GCC_WARN_UNUSED_VARIABLE = YES;
				IPHONEOS_DEPLOYMENT_TARGET = 12.2;
				MTL_ENABLE_DEBUG_INFO = INCLUDE_SOURCE;
				MTL_FAST_MATH = YES;
				ONLY_ACTIVE_ARCH = YES;
				SDKROOT = iphoneos;
				SWIFT_ACTIVE_COMPILATION_CONDITIONS = DEBUG;
				SWIFT_OPTIMIZATION_LEVEL = "-Onone";
			};
			name = Debug;
		};
		D428700922B40A4600994C82 /* Release */ = {
			isa = XCBuildConfiguration;
			buildSettings = {
				ALWAYS_SEARCH_USER_PATHS = NO;
				CLANG_ANALYZER_NONNULL = YES;
				CLANG_ANALYZER_NUMBER_OBJECT_CONVERSION = YES_AGGRESSIVE;
				CLANG_CXX_LANGUAGE_STANDARD = "gnu++14";
				CLANG_CXX_LIBRARY = "libc++";
				CLANG_ENABLE_MODULES = YES;
				CLANG_ENABLE_OBJC_ARC = YES;
				CLANG_ENABLE_OBJC_WEAK = YES;
				CLANG_WARN_BLOCK_CAPTURE_AUTORELEASING = YES;
				CLANG_WARN_BOOL_CONVERSION = YES;
				CLANG_WARN_COMMA = YES;
				CLANG_WARN_CONSTANT_CONVERSION = YES;
				CLANG_WARN_DEPRECATED_OBJC_IMPLEMENTATIONS = YES;
				CLANG_WARN_DIRECT_OBJC_ISA_USAGE = YES_ERROR;
				CLANG_WARN_DOCUMENTATION_COMMENTS = YES;
				CLANG_WARN_EMPTY_BODY = YES;
				CLANG_WARN_ENUM_CONVERSION = YES;
				CLANG_WARN_INFINITE_RECURSION = YES;
				CLANG_WARN_INT_CONVERSION = YES;
				CLANG_WARN_NON_LITERAL_NULL_CONVERSION = YES;
				CLANG_WARN_OBJC_IMPLICIT_RETAIN_SELF = YES;
				CLANG_WARN_OBJC_LITERAL_CONVERSION = YES;
				CLANG_WARN_OBJC_ROOT_CLASS = YES_ERROR;
				CLANG_WARN_RANGE_LOOP_ANALYSIS = YES;
				CLANG_WARN_STRICT_PROTOTYPES = YES;
				CLANG_WARN_SUSPICIOUS_MOVE = YES;
				CLANG_WARN_UNGUARDED_AVAILABILITY = YES_AGGRESSIVE;
				CLANG_WARN_UNREACHABLE_CODE = YES;
				CLANG_WARN__DUPLICATE_METHOD_MATCH = YES;
				CODE_SIGN_IDENTITY = "iPhone Developer";
				COPY_PHASE_STRIP = NO;
				DEBUG_INFORMATION_FORMAT = "dwarf-with-dsym";
				ENABLE_NS_ASSERTIONS = NO;
				ENABLE_STRICT_OBJC_MSGSEND = YES;
				GCC_C_LANGUAGE_STANDARD = gnu11;
				GCC_NO_COMMON_BLOCKS = YES;
				GCC_WARN_64_TO_32_BIT_CONVERSION = YES;
				GCC_WARN_ABOUT_RETURN_TYPE = YES_ERROR;
				GCC_WARN_UNDECLARED_SELECTOR = YES;
				GCC_WARN_UNINITIALIZED_AUTOS = YES_AGGRESSIVE;
				GCC_WARN_UNUSED_FUNCTION = YES;
				GCC_WARN_UNUSED_VARIABLE = YES;
				IPHONEOS_DEPLOYMENT_TARGET = 12.2;
				MTL_ENABLE_DEBUG_INFO = NO;
				MTL_FAST_MATH = YES;
				SDKROOT = iphoneos;
				SWIFT_COMPILATION_MODE = wholemodule;
				SWIFT_OPTIMIZATION_LEVEL = "-O";
				VALIDATE_PRODUCT = YES;
			};
			name = Release;
		};
		D428700B22B40A4600994C82 /* Debug */ = {
			isa = XCBuildConfiguration;
			baseConfigurationReference = 8F4CABC66D0A2E5882B922A1 /* Pods-Hawk WatchKit Extension.debug.xcconfig */;
			buildSettings = {
				ASSETCATALOG_COMPILER_COMPLICATION_NAME = Complication;
				CODE_SIGN_ENTITLEMENTS = "Hawk WatchKit Extension/Hawk WatchKit Extension.entitlements";
				CODE_SIGN_STYLE = Automatic;
				DEVELOPMENT_TEAM = 8P3BFM6UQ7;
				INFOPLIST_FILE = "Hawk WatchKit Extension/Info.plist";
				LD_RUNPATH_SEARCH_PATHS = (
					"$(inherited)",
					"@executable_path/Frameworks",
					"@executable_path/../../Frameworks",
				);
				PRODUCT_BUNDLE_IDENTIFIER = com.keshwynannauth.Hawk.watchkitapp.watchkitextension;
				PRODUCT_NAME = "${TARGET_NAME}";
				SDKROOT = watchos;
				SKIP_INSTALL = YES;
				SWIFT_VERSION = 5.0;
				TARGETED_DEVICE_FAMILY = 4;
				WATCHOS_DEPLOYMENT_TARGET = 5.2;
			};
			name = Debug;
		};
		D428700C22B40A4600994C82 /* Release */ = {
			isa = XCBuildConfiguration;
			baseConfigurationReference = 54A5BA0ACB37618E7B31A037 /* Pods-Hawk WatchKit Extension.release.xcconfig */;
			buildSettings = {
				ASSETCATALOG_COMPILER_COMPLICATION_NAME = Complication;
				CODE_SIGN_ENTITLEMENTS = "Hawk WatchKit Extension/Hawk WatchKit Extension.entitlements";
				CODE_SIGN_STYLE = Automatic;
				DEVELOPMENT_TEAM = 8P3BFM6UQ7;
				INFOPLIST_FILE = "Hawk WatchKit Extension/Info.plist";
				LD_RUNPATH_SEARCH_PATHS = (
					"$(inherited)",
					"@executable_path/Frameworks",
					"@executable_path/../../Frameworks",
				);
				PRODUCT_BUNDLE_IDENTIFIER = com.keshwynannauth.Hawk.watchkitapp.watchkitextension;
				PRODUCT_NAME = "${TARGET_NAME}";
				SDKROOT = watchos;
				SKIP_INSTALL = YES;
				SWIFT_VERSION = 5.0;
				TARGETED_DEVICE_FAMILY = 4;
				WATCHOS_DEPLOYMENT_TARGET = 5.2;
			};
			name = Release;
		};
		D428700F22B40A4600994C82 /* Debug */ = {
			isa = XCBuildConfiguration;
			baseConfigurationReference = 3EC501A5CE5F350B4BB82C02 /* Pods-Hawk WatchKit App.debug.xcconfig */;
			buildSettings = {
				ALWAYS_EMBED_SWIFT_STANDARD_LIBRARIES = YES;
				ASSETCATALOG_COMPILER_APPICON_NAME = AppIcon;
				CODE_SIGN_STYLE = Automatic;
				DEVELOPMENT_TEAM = 8P3BFM6UQ7;
				IBSC_MODULE = Hawk_WatchKit_Extension;
				INFOPLIST_FILE = "Hawk WatchKit App/Info.plist";
				PRODUCT_BUNDLE_IDENTIFIER = com.keshwynannauth.Hawk.watchkitapp;
				PRODUCT_NAME = "$(TARGET_NAME)";
				SDKROOT = watchos;
				SKIP_INSTALL = YES;
				SWIFT_VERSION = 5.0;
				TARGETED_DEVICE_FAMILY = 4;
				WATCHOS_DEPLOYMENT_TARGET = 5.2;
			};
			name = Debug;
		};
		D428701022B40A4600994C82 /* Release */ = {
			isa = XCBuildConfiguration;
			baseConfigurationReference = BFFB2F62AA3FCFC076B20006 /* Pods-Hawk WatchKit App.release.xcconfig */;
			buildSettings = {
				ALWAYS_EMBED_SWIFT_STANDARD_LIBRARIES = YES;
				ASSETCATALOG_COMPILER_APPICON_NAME = AppIcon;
				CODE_SIGN_STYLE = Automatic;
				DEVELOPMENT_TEAM = 8P3BFM6UQ7;
				IBSC_MODULE = Hawk_WatchKit_Extension;
				INFOPLIST_FILE = "Hawk WatchKit App/Info.plist";
				PRODUCT_BUNDLE_IDENTIFIER = com.keshwynannauth.Hawk.watchkitapp;
				PRODUCT_NAME = "$(TARGET_NAME)";
				SDKROOT = watchos;
				SKIP_INSTALL = YES;
				SWIFT_VERSION = 5.0;
				TARGETED_DEVICE_FAMILY = 4;
				WATCHOS_DEPLOYMENT_TARGET = 5.2;
			};
			name = Release;
		};
		D428701322B40A4600994C82 /* Debug */ = {
			isa = XCBuildConfiguration;
			baseConfigurationReference = 578C611789618310F3E4525D /* Pods-Hawk.debug.xcconfig */;
			buildSettings = {
				ASSETCATALOG_COMPILER_APPICON_NAME = AppIcon;
				CODE_SIGN_ENTITLEMENTS = Hawk/Hawk.entitlements;
				CODE_SIGN_STYLE = Automatic;
				DEVELOPMENT_TEAM = 8P3BFM6UQ7;
				INFOPLIST_FILE = Hawk/Info.plist;
				LD_RUNPATH_SEARCH_PATHS = (
					"$(inherited)",
					"@executable_path/Frameworks",
				);
				PRODUCT_BUNDLE_IDENTIFIER = com.keshwynannauth.Hawk;
				PRODUCT_NAME = "$(TARGET_NAME)";
				SWIFT_VERSION = 5.0;
				TARGETED_DEVICE_FAMILY = "1,2";
			};
			name = Debug;
		};
		D428701422B40A4600994C82 /* Release */ = {
			isa = XCBuildConfiguration;
			baseConfigurationReference = 1DD95C345119F220700D9006 /* Pods-Hawk.release.xcconfig */;
			buildSettings = {
				ASSETCATALOG_COMPILER_APPICON_NAME = AppIcon;
				CODE_SIGN_ENTITLEMENTS = Hawk/Hawk.entitlements;
				CODE_SIGN_STYLE = Automatic;
				DEVELOPMENT_TEAM = 8P3BFM6UQ7;
				INFOPLIST_FILE = Hawk/Info.plist;
				LD_RUNPATH_SEARCH_PATHS = (
					"$(inherited)",
					"@executable_path/Frameworks",
				);
				PRODUCT_BUNDLE_IDENTIFIER = com.keshwynannauth.Hawk;
				PRODUCT_NAME = "$(TARGET_NAME)";
				SWIFT_VERSION = 5.0;
				TARGETED_DEVICE_FAMILY = "1,2";
			};
			name = Release;
		};
		D428701622B40A4600994C82 /* Debug */ = {
			isa = XCBuildConfiguration;
			baseConfigurationReference = 4F4E5006EB7095C38A3EC52B /* Pods-HawkTests.debug.xcconfig */;
			buildSettings = {
				ALWAYS_EMBED_SWIFT_STANDARD_LIBRARIES = YES;
				BUNDLE_LOADER = "$(TEST_HOST)";
				CODE_SIGN_STYLE = Automatic;
				DEVELOPMENT_TEAM = 8P3BFM6UQ7;
				INFOPLIST_FILE = HawkTests/Info.plist;
				LD_RUNPATH_SEARCH_PATHS = (
					"$(inherited)",
					"@executable_path/Frameworks",
					"@loader_path/Frameworks",
				);
				PRODUCT_BUNDLE_IDENTIFIER = com.keshwynannauth.HawkTests;
				PRODUCT_NAME = "$(TARGET_NAME)";
				SWIFT_VERSION = 5.0;
				TARGETED_DEVICE_FAMILY = "1,2";
				TEST_HOST = "$(BUILT_PRODUCTS_DIR)/Hawk.app/Hawk";
			};
			name = Debug;
		};
		D428701722B40A4600994C82 /* Release */ = {
			isa = XCBuildConfiguration;
			baseConfigurationReference = 84B5FEEAD138DCAD67A5A16D /* Pods-HawkTests.release.xcconfig */;
			buildSettings = {
				ALWAYS_EMBED_SWIFT_STANDARD_LIBRARIES = YES;
				BUNDLE_LOADER = "$(TEST_HOST)";
				CODE_SIGN_STYLE = Automatic;
				DEVELOPMENT_TEAM = 8P3BFM6UQ7;
				INFOPLIST_FILE = HawkTests/Info.plist;
				LD_RUNPATH_SEARCH_PATHS = (
					"$(inherited)",
					"@executable_path/Frameworks",
					"@loader_path/Frameworks",
				);
				PRODUCT_BUNDLE_IDENTIFIER = com.keshwynannauth.HawkTests;
				PRODUCT_NAME = "$(TARGET_NAME)";
				SWIFT_VERSION = 5.0;
				TARGETED_DEVICE_FAMILY = "1,2";
				TEST_HOST = "$(BUILT_PRODUCTS_DIR)/Hawk.app/Hawk";
			};
			name = Release;
		};
		D428701922B40A4600994C82 /* Debug */ = {
			isa = XCBuildConfiguration;
			baseConfigurationReference = 765EDD8B1FFB261882FFF5F2 /* Pods-HawkUITests.debug.xcconfig */;
			buildSettings = {
				ALWAYS_EMBED_SWIFT_STANDARD_LIBRARIES = YES;
				"CODE_SIGN_IDENTITY[sdk=macosx*]" = "-";
				CODE_SIGN_STYLE = Automatic;
				DEVELOPMENT_TEAM = 8P3BFM6UQ7;
				INFOPLIST_FILE = HawkUITests/Info.plist;
				LD_RUNPATH_SEARCH_PATHS = (
					"$(inherited)",
					"@executable_path/Frameworks",
					"@loader_path/Frameworks",
				);
				PRODUCT_BUNDLE_IDENTIFIER = com.keshwynannauth.HawkUITests;
				PRODUCT_NAME = "$(TARGET_NAME)";
				SWIFT_VERSION = 5.0;
				TARGETED_DEVICE_FAMILY = "1,2";
				TEST_TARGET_NAME = Hawk;
			};
			name = Debug;
		};
		D428701A22B40A4600994C82 /* Release */ = {
			isa = XCBuildConfiguration;
			baseConfigurationReference = C6A8174B7E81C84C05D3A58D /* Pods-HawkUITests.release.xcconfig */;
			buildSettings = {
				ALWAYS_EMBED_SWIFT_STANDARD_LIBRARIES = YES;
				"CODE_SIGN_IDENTITY[sdk=macosx*]" = "-";
				CODE_SIGN_STYLE = Automatic;
				DEVELOPMENT_TEAM = 8P3BFM6UQ7;
				INFOPLIST_FILE = HawkUITests/Info.plist;
				LD_RUNPATH_SEARCH_PATHS = (
					"$(inherited)",
					"@executable_path/Frameworks",
					"@loader_path/Frameworks",
				);
				PRODUCT_BUNDLE_IDENTIFIER = com.keshwynannauth.HawkUITests;
				PRODUCT_NAME = "$(TARGET_NAME)";
				SWIFT_VERSION = 5.0;
				TARGETED_DEVICE_FAMILY = "1,2";
				TEST_TARGET_NAME = Hawk;
			};
			name = Release;
		};
/* End XCBuildConfiguration section */

/* Begin XCConfigurationList section */
		D4286FBD22B40A4400994C82 /* Build configuration list for PBXProject "Hawk" */ = {
			isa = XCConfigurationList;
			buildConfigurations = (
				D428700822B40A4600994C82 /* Debug */,
				D428700922B40A4600994C82 /* Release */,
			);
			defaultConfigurationIsVisible = 0;
			defaultConfigurationName = Release;
		};
		D428700A22B40A4600994C82 /* Build configuration list for PBXNativeTarget "Hawk WatchKit Extension" */ = {
			isa = XCConfigurationList;
			buildConfigurations = (
				D428700B22B40A4600994C82 /* Debug */,
				D428700C22B40A4600994C82 /* Release */,
			);
			defaultConfigurationIsVisible = 0;
			defaultConfigurationName = Release;
		};
		D428700E22B40A4600994C82 /* Build configuration list for PBXNativeTarget "Hawk WatchKit App" */ = {
			isa = XCConfigurationList;
			buildConfigurations = (
				D428700F22B40A4600994C82 /* Debug */,
				D428701022B40A4600994C82 /* Release */,
			);
			defaultConfigurationIsVisible = 0;
			defaultConfigurationName = Release;
		};
		D428701222B40A4600994C82 /* Build configuration list for PBXNativeTarget "Hawk" */ = {
			isa = XCConfigurationList;
			buildConfigurations = (
				D428701322B40A4600994C82 /* Debug */,
				D428701422B40A4600994C82 /* Release */,
			);
			defaultConfigurationIsVisible = 0;
			defaultConfigurationName = Release;
		};
		D428701522B40A4600994C82 /* Build configuration list for PBXNativeTarget "HawkTests" */ = {
			isa = XCConfigurationList;
			buildConfigurations = (
				D428701622B40A4600994C82 /* Debug */,
				D428701722B40A4600994C82 /* Release */,
			);
			defaultConfigurationIsVisible = 0;
			defaultConfigurationName = Release;
		};
		D428701822B40A4600994C82 /* Build configuration list for PBXNativeTarget "HawkUITests" */ = {
			isa = XCConfigurationList;
			buildConfigurations = (
				D428701922B40A4600994C82 /* Debug */,
				D428701A22B40A4600994C82 /* Release */,
			);
			defaultConfigurationIsVisible = 0;
			defaultConfigurationName = Release;
		};
/* End XCConfigurationList section */
	};
	rootObject = D4286FBA22B40A4400994C82 /* Project object */;
}
